{
  "name": "emerald-templates",
  "version": "0.0.1",
  "lockfileVersion": 1,
  "requires": true,
  "dependencies": {
    "arg": {
      "version": "4.1.0",
      "resolved": "https://registry.npmjs.org/arg/-/arg-4.1.0.tgz",
      "integrity": "sha512-ZWc51jO3qegGkVh8Hwpv636EkbesNV5ZNQPCtRa+0qytRYPEs9IYT9qITY9buezqUH5uqyzlWLcufrzU2rffdg=="
    },
    "copy-dir": {
      "version": "1.1.0",
      "resolved": "https://registry.npmjs.org/copy-dir/-/copy-dir-1.1.0.tgz",
      "integrity": "sha512-eqHj1AMmS53QiLr8Xqcz754m6ljmG9eFnrzMhPGA1eKrsNYBGIKLktXz6JnzqNMSH/6Qksxgq8OMKsr0MPjKlw=="
    },
    "directory-exists": {
      "version": "2.0.1",
      "resolved": "https://registry.npmjs.org/directory-exists/-/directory-exists-2.0.1.tgz",
      "integrity": "sha512-+CEod3IzwjvhQOMXFSU6nrqdTwrhzOiacNzzXlwBVFm7C4y2rbuEWs5WaRsI/3IZeSWORA5F1q8FBh3gm4HSsw=="
    }
  }
}
